// !$*UTF8*$!
{
	archiveVersion = 1;
	classes = {
	};
	objectVersion = 56;
	objects = {

/* Begin PBXBuildFile section */
		65B7F1D929DC265200437323 /* AppDelegate.swift in Sources */ = {isa = PBXBuildFile; fileRef = 65B7F1D829DC265200437323 /* AppDelegate.swift */; };
		65B7F1DB29DC265200437323 /* SceneDelegate.swift in Sources */ = {isa = PBXBuildFile; fileRef = 65B7F1DA29DC265200437323 /* SceneDelegate.swift */; };
		65B7F1E029DC265200437323 /* Main.storyboard in Resources */ = {isa = PBXBuildFile; fileRef = 65B7F1DE29DC265200437323 /* Main.storyboard */; };
		65B7F1E229DC265500437323 /* Assets.xcassets in Resources */ = {isa = PBXBuildFile; fileRef = 65B7F1E129DC265500437323 /* Assets.xcassets */; };
		65B7F1E529DC265500437323 /* LaunchScreen.storyboard in Resources */ = {isa = PBXBuildFile; fileRef = 65B7F1E329DC265500437323 /* LaunchScreen.storyboard */; };
		65B7F1EE29DC2F0D00437323 /* AIAEC in Frameworks */ = {isa = PBXBuildFile; productRef = 65B7F1ED29DC2F0D00437323 /* AIAEC */; };
		65B7F1F029DC2F0D00437323 /* AINS in Frameworks */ = {isa = PBXBuildFile; productRef = 65B7F1EF29DC2F0D00437323 /* AINS */; };
		65B7F1F229DC2F0D00437323 /* AudioBeauty in Frameworks */ = {isa = PBXBuildFile; productRef = 65B7F1F129DC2F0D00437323 /* AudioBeauty */; };
		65B7F1F429DC2F0D00437323 /* DRM in Frameworks */ = {isa = PBXBuildFile; productRef = 65B7F1F329DC2F0D00437323 /* DRM */; };
		65B7F1F629DC2F0D00437323 /* RtcBasic in Frameworks */ = {isa = PBXBuildFile; productRef = 65B7F1F529DC2F0D00437323 /* RtcBasic */; };
		65B7F1F829DC2F0D00437323 /* SpatialAudio in Frameworks */ = {isa = PBXBuildFile; productRef = 65B7F1F729DC2F0D00437323 /* SpatialAudio */; };
		65B7F1FD29DC307D00437323 /* CallController.swift in Sources */ = {isa = PBXBuildFile; fileRef = 65B7F1FC29DC307D00437323 /* CallController.swift */; };
		65B7F20029DD61DD00437323 /* AgoraChat in Frameworks */ = {isa = PBXBuildFile; productRef = 65B7F1FF29DD61DD00437323 /* AgoraChat */; };
/* End PBXBuildFile section */

/* Begin PBXFileReference section */
		65B7F1D529DC265200437323 /* AgoraTask.app */ = {isa = PBXFileReference; explicitFileType = wrapper.application; includeInIndex = 0; path = AgoraTask.app; sourceTree = BUILT_PRODUCTS_DIR; };
		65B7F1D829DC265200437323 /* AppDelegate.swift */ = {isa = PBXFileReference; lastKnownFileType = sourcecode.swift; path = AppDelegate.swift; sourceTree = "<group>"; };
		65B7F1DA29DC265200437323 /* SceneDelegate.swift */ = {isa = PBXFileReference; lastKnownFileType = sourcecode.swift; path = SceneDelegate.swift; sourceTree = "<group>"; };
		65B7F1DF29DC265200437323 /* Base */ = {isa = PBXFileReference; lastKnownFileType = file.storyboard; name = Base; path = Base.lproj/Main.storyboard; sourceTree = "<group>"; };
		65B7F1E129DC265500437323 /* Assets.xcassets */ = {isa = PBXFileReference; lastKnownFileType = folder.assetcatalog; path = Assets.xcassets; sourceTree = "<group>"; };
		65B7F1E429DC265500437323 /* Base */ = {isa = PBXFileReference; lastKnownFileType = file.storyboard; name = Base; path = Base.lproj/LaunchScreen.storyboard; sourceTree = "<group>"; };
		65B7F1E629DC265500437323 /* Info.plist */ = {isa = PBXFileReference; lastKnownFileType = text.plist.xml; path = Info.plist; sourceTree = "<group>"; };
		65B7F1FC29DC307D00437323 /* CallController.swift */ = {isa = PBXFileReference; lastKnownFileType = sourcecode.swift; path = CallController.swift; sourceTree = "<group>"; };
/* End PBXFileReference section */

/* Begin PBXFrameworksBuildPhase section */
		65B7F1D229DC265200437323 /* Frameworks */ = {
			isa = PBXFrameworksBuildPhase;
			buildActionMask = 2147483647;
			files = (
				65B7F1F829DC2F0D00437323 /* SpatialAudio in Frameworks */,
				65B7F1F229DC2F0D00437323 /* AudioBeauty in Frameworks */,
				65B7F1EE29DC2F0D00437323 /* AIAEC in Frameworks */,
				65B7F1F429DC2F0D00437323 /* DRM in Frameworks */,
				65B7F1F029DC2F0D00437323 /* AINS in Frameworks */,
				65B7F1F629DC2F0D00437323 /* RtcBasic in Frameworks */,
				65B7F20029DD61DD00437323 /* AgoraChat in Frameworks */,
			);
			runOnlyForDeploymentPostprocessing = 0;
		};
/* End PBXFrameworksBuildPhase section */

/* Begin PBXGroup section */
		65B7F1CC29DC265200437323 = {
			isa = PBXGroup;
			children = (
				65B7F1D729DC265200437323 /* AgoraTask */,
				65B7F1D629DC265200437323 /* Products */,
			);
			sourceTree = "<group>";
		};
		65B7F1D629DC265200437323 /* Products */ = {
			isa = PBXGroup;
			children = (
				65B7F1D529DC265200437323 /* AgoraTask.app */,
			);
			name = Products;
			sourceTree = "<group>";
		};
		65B7F1D729DC265200437323 /* AgoraTask */ = {
			isa = PBXGroup;
			children = (
				65B7F1FB29DC304D00437323 /* Controller */,
				65B7F1FA29DC304500437323 /* View */,
				65B7F1F929DC303B00437323 /* Model */,
				65B7F1D829DC265200437323 /* AppDelegate.swift */,
				65B7F1DA29DC265200437323 /* SceneDelegate.swift */,
				65B7F1DE29DC265200437323 /* Main.storyboard */,
				65B7F1E129DC265500437323 /* Assets.xcassets */,
				65B7F1E329DC265500437323 /* LaunchScreen.storyboard */,
				65B7F1E629DC265500437323 /* Info.plist */,
			);
			path = AgoraTask;
			sourceTree = "<group>";
		};
		65B7F1F929DC303B00437323 /* Model */ = {
			isa = PBXGroup;
			children = (
			);
			path = Model;
			sourceTree = "<group>";
		};
		65B7F1FA29DC304500437323 /* View */ = {
			isa = PBXGroup;
			children = (
				65B7F1FC29DC307D00437323 /* CallController.swift */,
			);
			path = View;
			sourceTree = "<group>";
		};
		65B7F1FB29DC304D00437323 /* Controller */ = {
			isa = PBXGroup;
			children = (
			);
			path = Controller;
			sourceTree = "<group>";
		};
/* End PBXGroup section */

/* Begin PBXNativeTarget section */
		65B7F1D429DC265200437323 /* AgoraTask */ = {
			isa = PBXNativeTarget;
			buildConfigurationList = 65B7F1E929DC265500437323 /* Build configuration list for PBXNativeTarget "AgoraTask" */;
			buildPhases = (
				65B7F1D129DC265200437323 /* Sources */,
				65B7F1D229DC265200437323 /* Frameworks */,
				65B7F1D329DC265200437323 /* Resources */,
			);
			buildRules = (
			);
			dependencies = (
			);
			name = AgoraTask;
			packageProductDependencies = (
				65B7F1ED29DC2F0D00437323 /* AIAEC */,
				65B7F1EF29DC2F0D00437323 /* AINS */,
				65B7F1F129DC2F0D00437323 /* AudioBeauty */,
				65B7F1F329DC2F0D00437323 /* DRM */,
				65B7F1F529DC2F0D00437323 /* RtcBasic */,
				65B7F1F729DC2F0D00437323 /* SpatialAudio */,
				65B7F1FF29DD61DD00437323 /* AgoraChat */,
			);
			productName = AgoraTask;
			productReference = 65B7F1D529DC265200437323 /* AgoraTask.app */;
			productType = "com.apple.product-type.application";
		};
/* End PBXNativeTarget section */

/* Begin PBXProject section */
		65B7F1CD29DC265200437323 /* Project object */ = {
			isa = PBXProject;
			attributes = {
				BuildIndependentTargetsInParallel = 1;
				LastSwiftUpdateCheck = 1420;
				LastUpgradeCheck = 1420;
				TargetAttributes = {
					65B7F1D429DC265200437323 = {
						CreatedOnToolsVersion = 14.2;
					};
				};
			};
			buildConfigurationList = 65B7F1D029DC265200437323 /* Build configuration list for PBXProject "AgoraTask" */;
			compatibilityVersion = "Xcode 14.0";
			developmentRegion = en;
			hasScannedForEncodings = 0;
			knownRegions = (
				en,
				Base,
			);
			mainGroup = 65B7F1CC29DC265200437323;
			packageReferences = (
				65B7F1EC29DC2F0D00437323 /* XCRemoteSwiftPackageReference "AgoraAudio_iOS" */,
				65B7F1FE29DD61DC00437323 /* XCRemoteSwiftPackageReference "AgoraChat_iOS" */,
			);
			productRefGroup = 65B7F1D629DC265200437323 /* Products */;
			projectDirPath = "";
			projectRoot = "";
			targets = (
				65B7F1D429DC265200437323 /* AgoraTask */,
			);
		};
/* End PBXProject section */

/* Begin PBXResourcesBuildPhase section */
		65B7F1D329DC265200437323 /* Resources */ = {
			isa = PBXResourcesBuildPhase;
			buildActionMask = 2147483647;
			files = (
				65B7F1E529DC265500437323 /* LaunchScreen.storyboard in Resources */,
				65B7F1E229DC265500437323 /* Assets.xcassets in Resources */,
				65B7F1E029DC265200437323 /* Main.storyboard in Resources */,
			);
			runOnlyForDeploymentPostprocessing = 0;
		};
/* End PBXResourcesBuildPhase section */

/* Begin PBXSourcesBuildPhase section */
		65B7F1D129DC265200437323 /* Sources */ = {
			isa = PBXSourcesBuildPhase;
			buildActionMask = 2147483647;
			files = (
				65B7F1FD29DC307D00437323 /* CallController.swift in Sources */,
				65B7F1D929DC265200437323 /* AppDelegate.swift in Sources */,
				65B7F1DB29DC265200437323 /* SceneDelegate.swift in Sources */,
			);
			runOnlyForDeploymentPostprocessing = 0;
		};
/* End PBXSourcesBuildPhase section */

/* Begin PBXVariantGroup section */
		65B7F1DE29DC265200437323 /* Main.storyboard */ = {
			isa = PBXVariantGroup;
			children = (
				65B7F1DF29DC265200437323 /* Base */,
			);
			name = Main.storyboard;
			sourceTree = "<group>";
		};
		65B7F1E329DC265500437323 /* LaunchScreen.storyboard */ = {
			isa = PBXVariantGroup;
			children = (
				65B7F1E429DC265500437323 /* Base */,
			);
			name = LaunchScreen.storyboard;
			sourceTree = "<group>";
		};
/* End PBXVariantGroup section */

/* Begin XCBuildConfiguration section */
		65B7F1E729DC265500437323 /* Debug */ = {
			isa = XCBuildConfiguration;
			buildSettings = {
				ALWAYS_SEARCH_USER_PATHS = NO;
				CLANG_ANALYZER_NONNULL = YES;
				CLANG_ANALYZER_NUMBER_OBJECT_CONVERSION = YES_AGGRESSIVE;
				CLANG_CXX_LANGUAGE_STANDARD = "gnu++20";
				CLANG_ENABLE_MODULES = YES;
				CLANG_ENABLE_OBJC_ARC = YES;
				CLANG_ENABLE_OBJC_WEAK = YES;
				CLANG_WARN_BLOCK_CAPTURE_AUTORELEASING = YES;
				CLANG_WARN_BOOL_CONVERSION = YES;
				CLANG_WARN_COMMA = YES;
				CLANG_WARN_CONSTANT_CONVERSION = YES;
				CLANG_WARN_DEPRECATED_OBJC_IMPLEMENTATIONS = YES;
				CLANG_WARN_DIRECT_OBJC_ISA_USAGE = YES_ERROR;
				CLANG_WARN_DOCUMENTATION_COMMENTS = YES;
				CLANG_WARN_EMPTY_BODY = YES;
				CLANG_WARN_ENUM_CONVERSION = YES;
				CLANG_WARN_INFINITE_RECURSION = YES;
				CLANG_WARN_INT_CONVERSION = YES;
				CLANG_WARN_NON_LITERAL_NULL_CONVERSION = YES;
				CLANG_WARN_OBJC_IMPLICIT_RETAIN_SELF = YES;
				CLANG_WARN_OBJC_LITERAL_CONVERSION = YES;
				CLANG_WARN_OBJC_ROOT_CLASS = YES_ERROR;
				CLANG_WARN_QUOTED_INCLUDE_IN_FRAMEWORK_HEADER = YES;
				CLANG_WARN_RANGE_LOOP_ANALYSIS = YES;
				CLANG_WARN_STRICT_PROTOTYPES = YES;
				CLANG_WARN_SUSPICIOUS_MOVE = YES;
				CLANG_WARN_UNGUARDED_AVAILABILITY = YES_AGGRESSIVE;
				CLANG_WARN_UNREACHABLE_CODE = YES;
				CLANG_WARN__DUPLICATE_METHOD_MATCH = YES;
				COPY_PHASE_STRIP = NO;
				DEBUG_INFORMATION_FORMAT = dwarf;
				ENABLE_STRICT_OBJC_MSGSEND = YES;
				ENABLE_TESTABILITY = YES;
				GCC_C_LANGUAGE_STANDARD = gnu11;
				GCC_DYNAMIC_NO_PIC = NO;
				GCC_NO_COMMON_BLOCKS = YES;
				GCC_OPTIMIZATION_LEVEL = 0;
				GCC_PREPROCESSOR_DEFINITIONS = (
					"DEBUG=1",
					"$(inherited)",
				);
				GCC_WARN_64_TO_32_BIT_CONVERSION = YES;
				GCC_WARN_ABOUT_RETURN_TYPE = YES_ERROR;
				GCC_WARN_UNDECLARED_SELECTOR = YES;
				GCC_WARN_UNINITIALIZED_AUTOS = YES_AGGRESSIVE;
				GCC_WARN_UNUSED_FUNCTION = YES;
				GCC_WARN_UNUSED_VARIABLE = YES;
				IPHONEOS_DEPLOYMENT_TARGET = 16.2;
				MTL_ENABLE_DEBUG_INFO = INCLUDE_SOURCE;
				MTL_FAST_MATH = YES;
				ONLY_ACTIVE_ARCH = YES;
				SDKROOT = iphoneos;
				SWIFT_ACTIVE_COMPILATION_CONDITIONS = DEBUG;
				SWIFT_OPTIMIZATION_LEVEL = "-Onone";
			};
			name = Debug;
		};
		65B7F1E829DC265500437323 /* Release */ = {
			isa = XCBuildConfiguration;
			buildSettings = {
				ALWAYS_SEARCH_USER_PATHS = NO;
				CLANG_ANALYZER_NONNULL = YES;
				CLANG_ANALYZER_NUMBER_OBJECT_CONVERSION = YES_AGGRESSIVE;
				CLANG_CXX_LANGUAGE_STANDARD = "gnu++20";
				CLANG_ENABLE_MODULES = YES;
				CLANG_ENABLE_OBJC_ARC = YES;
				CLANG_ENABLE_OBJC_WEAK = YES;
				CLANG_WARN_BLOCK_CAPTURE_AUTORELEASING = YES;
				CLANG_WARN_BOOL_CONVERSION = YES;
				CLANG_WARN_COMMA = YES;
				CLANG_WARN_CONSTANT_CONVERSION = YES;
				CLANG_WARN_DEPRECATED_OBJC_IMPLEMENTATIONS = YES;
				CLANG_WARN_DIRECT_OBJC_ISA_USAGE = YES_ERROR;
				CLANG_WARN_DOCUMENTATION_COMMENTS = YES;
				CLANG_WARN_EMPTY_BODY = YES;
				CLANG_WARN_ENUM_CONVERSION = YES;
				CLANG_WARN_INFINITE_RECURSION = YES;
				CLANG_WARN_INT_CONVERSION = YES;
				CLANG_WARN_NON_LITERAL_NULL_CONVERSION = YES;
				CLANG_WARN_OBJC_IMPLICIT_RETAIN_SELF = YES;
				CLANG_WARN_OBJC_LITERAL_CONVERSION = YES;
				CLANG_WARN_OBJC_ROOT_CLASS = YES_ERROR;
				CLANG_WARN_QUOTED_INCLUDE_IN_FRAMEWORK_HEADER = YES;
				CLANG_WARN_RANGE_LOOP_ANALYSIS = YES;
				CLANG_WARN_STRICT_PROTOTYPES = YES;
				CLANG_WARN_SUSPICIOUS_MOVE = YES;
				CLANG_WARN_UNGUARDED_AVAILABILITY = YES_AGGRESSIVE;
				CLANG_WARN_UNREACHABLE_CODE = YES;
				CLANG_WARN__DUPLICATE_METHOD_MATCH = YES;
				COPY_PHASE_STRIP = NO;
				DEBUG_INFORMATION_FORMAT = "dwarf-with-dsym";
				ENABLE_NS_ASSERTIONS = NO;
				ENABLE_STRICT_OBJC_MSGSEND = YES;
				GCC_C_LANGUAGE_STANDARD = gnu11;
				GCC_NO_COMMON_BLOCKS = YES;
				GCC_WARN_64_TO_32_BIT_CONVERSION = YES;
				GCC_WARN_ABOUT_RETURN_TYPE = YES_ERROR;
				GCC_WARN_UNDECLARED_SELECTOR = YES;
				GCC_WARN_UNINITIALIZED_AUTOS = YES_AGGRESSIVE;
				GCC_WARN_UNUSED_FUNCTION = YES;
				GCC_WARN_UNUSED_VARIABLE = YES;
				IPHONEOS_DEPLOYMENT_TARGET = 16.2;
				MTL_ENABLE_DEBUG_INFO = NO;
				MTL_FAST_MATH = YES;
				SDKROOT = iphoneos;
				SWIFT_COMPILATION_MODE = wholemodule;
				SWIFT_OPTIMIZATION_LEVEL = "-O";
				VALIDATE_PRODUCT = YES;
			};
			name = Release;
		};
		65B7F1EA29DC265500437323 /* Debug */ = {
			isa = XCBuildConfiguration;
			buildSettings = {
				ASSETCATALOG_COMPILER_APPICON_NAME = AppIcon;
				ASSETCATALOG_COMPILER_GLOBAL_ACCENT_COLOR_NAME = AccentColor;
				CODE_SIGN_STYLE = Automatic;
				CURRENT_PROJECT_VERSION = 1;
				DEVELOPMENT_TEAM = LFD3T7L2TV;
				GENERATE_INFOPLIST_FILE = YES;
				INFOPLIST_FILE = AgoraTask/Info.plist;
				INFOPLIST_KEY_NSMicrophoneUsageDescription = "Microphone access is required for voice call and speech to text";
				INFOPLIST_KEY_NSSpeechRecognitionUsageDescription = "Speech recognition permission required";
				INFOPLIST_KEY_UIApplicationSupportsIndirectInputEvents = YES;
				INFOPLIST_KEY_UILaunchStoryboardName = LaunchScreen;
				INFOPLIST_KEY_UIMainStoryboardFile = Main;
				INFOPLIST_KEY_UISupportedInterfaceOrientations_iPad = "UIInterfaceOrientationPortrait UIInterfaceOrientationPortraitUpsideDown UIInterfaceOrientationLandscapeLeft UIInterfaceOrientationLandscapeRight";
				INFOPLIST_KEY_UISupportedInterfaceOrientations_iPhone = "UIInterfaceOrientationPortrait UIInterfaceOrientationLandscapeLeft UIInterfaceOrientationLandscapeRight";
				IPHONEOS_DEPLOYMENT_TARGET = 15.0;
				LD_RUNPATH_SEARCH_PATHS = (
					"$(inherited)",
					"@executable_path/Frameworks",
				);
				MARKETING_VERSION = 1.0;
				PRODUCT_BUNDLE_IDENTIFIER = com.articula.AgoraTask;
				PRODUCT_NAME = "$(TARGET_NAME)";
				SUPPORTED_PLATFORMS = "iphoneos iphonesimulator";
				SUPPORTS_MACCATALYST = NO;
				SUPPORTS_MAC_DESIGNED_FOR_IPHONE_IPAD = YES;
				SWIFT_EMIT_LOC_STRINGS = YES;
				SWIFT_VERSION = 5.0;
				TARGETED_DEVICE_FAMILY = "1,2";
			};
			name = Debug;
		};
		65B7F1EB29DC265500437323 /* Release */ = {
			isa = XCBuildConfiguration;
			buildSettings = {
				ASSETCATALOG_COMPILER_APPICON_NAME = AppIcon;
				ASSETCATALOG_COMPILER_GLOBAL_ACCENT_COLOR_NAME = AccentColor;
				CODE_SIGN_STYLE = Automatic;
				CURRENT_PROJECT_VERSION = 1;
				DEVELOPMENT_TEAM = LFD3T7L2TV;
				GENERATE_INFOPLIST_FILE = YES;
				INFOPLIST_FILE = AgoraTask/Info.plist;
				INFOPLIST_KEY_NSMicrophoneUsageDescription = "Microphone access is required for voice call and speech to text";
				INFOPLIST_KEY_NSSpeechRecognitionUsageDescription = "Speech recognition permission required";
				INFOPLIST_KEY_UIApplicationSupportsIndirectInputEvents = YES;
				INFOPLIST_KEY_UILaunchStoryboardName = LaunchScreen;
				INFOPLIST_KEY_UIMainStoryboardFile = Main;
				INFOPLIST_KEY_UISupportedInterfaceOrientations_iPad = "UIInterfaceOrientationPortrait UIInterfaceOrientationPortraitUpsideDown UIInterfaceOrientationLandscapeLeft UIInterfaceOrientationLandscapeRight";
				INFOPLIST_KEY_UISupportedInterfaceOrientations_iPhone = "UIInterfaceOrientationPortrait UIInterfaceOrientationLandscapeLeft UIInterfaceOrientationLandscapeRight";
				IPHONEOS_DEPLOYMENT_TARGET = 15.0;
				LD_RUNPATH_SEARCH_PATHS = (
					"$(inherited)",
					"@executable_path/Frameworks",
				);
				MARKETING_VERSION = 1.0;
				PRODUCT_BUNDLE_IDENTIFIER = com.articula.AgoraTask;
				PRODUCT_NAME = "$(TARGET_NAME)";
				SUPPORTED_PLATFORMS = "iphoneos iphonesimulator";
				SUPPORTS_MACCATALYST = NO;
				SUPPORTS_MAC_DESIGNED_FOR_IPHONE_IPAD = YES;
				SWIFT_EMIT_LOC_STRINGS = YES;
				SWIFT_VERSION = 5.0;
				TARGETED_DEVICE_FAMILY = "1,2";
			};
			name = Release;
		};
/* End XCBuildConfiguration section */

/* Begin XCConfigurationList section */
		65B7F1D029DC265200437323 /* Build configuration list for PBXProject "AgoraTask" */ = {
			isa = XCConfigurationList;
			buildConfigurations = (
				65B7F1E729DC265500437323 /* Debug */,
				65B7F1E829DC265500437323 /* Release */,
			);
			defaultConfigurationIsVisible = 0;
			defaultConfigurationName = Release;
		};
		65B7F1E929DC265500437323 /* Build configuration list for PBXNativeTarget "AgoraTask" */ = {
			isa = XCConfigurationList;
			buildConfigurations = (
				65B7F1EA29DC265500437323 /* Debug */,
				65B7F1EB29DC265500437323 /* Release */,
			);
			defaultConfigurationIsVisible = 0;
			defaultConfigurationName = Release;
		};
/* End XCConfigurationList section */

/* Begin XCRemoteSwiftPackageReference section */
		65B7F1EC29DC2F0D00437323 /* XCRemoteSwiftPackageReference "AgoraAudio_iOS" */ = {
			isa = XCRemoteSwiftPackageReference;
			repositoryURL = "https://github.com/AgoraIO/AgoraAudio_iOS.git";
			requirement = {
				kind = upToNextMajorVersion;
				minimumVersion = 4.0.0;
			};
		};
		65B7F1FE29DD61DC00437323 /* XCRemoteSwiftPackageReference "AgoraChat_iOS" */ = {
			isa = XCRemoteSwiftPackageReference;
			repositoryURL = "https://github.com/AgoraIO/AgoraChat_iOS.git";
			requirement = {
				kind = upToNextMajorVersion;
				minimumVersion = 1.0.0;
			};
		};
/* End XCRemoteSwiftPackageReference section */

/* Begin XCSwiftPackageProductDependency section */
		65B7F1ED29DC2F0D00437323 /* AIAEC */ = {
			isa = XCSwiftPackageProductDependency;
			package = 65B7F1EC29DC2F0D00437323 /* XCRemoteSwiftPackageReference "AgoraAudio_iOS" */;
			productName = AIAEC;
		};
		65B7F1EF29DC2F0D00437323 /* AINS */ = {
			isa = XCSwiftPackageProductDependency;
			package = 65B7F1EC29DC2F0D00437323 /* XCRemoteSwiftPackageReference "AgoraAudio_iOS" */;
			productName = AINS;
		};
		65B7F1F129DC2F0D00437323 /* AudioBeauty */ = {
			isa = XCSwiftPackageProductDependency;
			package = 65B7F1EC29DC2F0D00437323 /* XCRemoteSwiftPackageReference "AgoraAudio_iOS" */;
			productName = AudioBeauty;
		};
		65B7F1F329DC2F0D00437323 /* DRM */ = {
			isa = XCSwiftPackageProductDependency;
			package = 65B7F1EC29DC2F0D00437323 /* XCRemoteSwiftPackageReference "AgoraAudio_iOS" */;
			productName = DRM;
		};
		65B7F1F529DC2F0D00437323 /* RtcBasic */ = {
			isa = XCSwiftPackageProductDependency;
			package = 65B7F1EC29DC2F0D00437323 /* XCRemoteSwiftPackageReference "AgoraAudio_iOS" */;
			productName = RtcBasic;
		};
		65B7F1F729DC2F0D00437323 /* SpatialAudio */ = {
			isa = XCSwiftPackageProductDependency;
			package = 65B7F1EC29DC2F0D00437323 /* XCRemoteSwiftPackageReference "AgoraAudio_iOS" */;
			productName = SpatialAudio;
		};
		65B7F1FF29DD61DD00437323 /* AgoraChat */ = {
			isa = XCSwiftPackageProductDependency;
			package = 65B7F1FE29DD61DC00437323 /* XCRemoteSwiftPackageReference "AgoraChat_iOS" */;
			productName = AgoraChat;
		};
/* End XCSwiftPackageProductDependency section */
	};
	rootObject = 65B7F1CD29DC265200437323 /* Project object */;
}
